
Microsoft Visual Studio Solution File, Format Version 12.00
# Visual Studio 14
VisualStudioVersion = 14.0.23107.0
MinimumVisualStudioVersion = 10.0.40219.1
Project("{FAE04EC0-301F-11D3-BF4B-00C04F79EFBC}") = "RegistroUniversitario", "RegistroUniversitario\RegistroUniversitario.csproj", "{50084B6A-24EE-4ECB-99AD-F3A95FC3B370}"
	ProjectSection(ProjectDependencies) = postProject
		{D2243767-BB77-43E0-BDA3-4A5B96DEF7EE} = {D2243767-BB77-43E0-BDA3-4A5B96DEF7EE}
		{27D69370-E81A-4576-A6D2-3893637B4780} = {27D69370-E81A-4576-A6D2-3893637B4780}
	EndProjectSection
EndProject
Project("{FAE04EC0-301F-11D3-BF4B-00C04F79EFBC}") = "Datos", "Datos\Datos.csproj", "{D2243767-BB77-43E0-BDA3-4A5B96DEF7EE}"
EndProject
Project("{FAE04EC0-301F-11D3-BF4B-00C04F79EFBC}") = "Contraladores", "Contraladores\Contraladores.csproj", "{27D69370-E81A-4576-A6D2-3893637B4780}"
	ProjectSection(ProjectDependencies) = postProject
		{D2243767-BB77-43E0-BDA3-4A5B96DEF7EE} = {D2243767-BB77-43E0-BDA3-4A5B96DEF7EE}
	EndProjectSection
EndProject
Global
	GlobalSection(SolutionConfigurationPlatforms) = preSolution
		Debug|Any CPU = Debug|Any CPU
		Release|Any CPU = Release|Any CPU
	EndGlobalSection
	GlobalSection(ProjectConfigurationPlatforms) = postSolution
		{50084B6A-24EE-4ECB-99AD-F3A95FC3B370}.Debug|Any CPU.ActiveCfg = Debug|Any CPU
		{50084B6A-24EE-4ECB-99AD-F3A95FC3B370}.Debug|Any CPU.Build.0 = Debug|Any CPU
		{50084B6A-24EE-4ECB-99AD-F3A95FC3B370}.Release|Any CPU.ActiveCfg = Release|Any CPU
		{50084B6A-24EE-4ECB-99AD-F3A95FC3B370}.Release|Any CPU.Build.0 = Release|Any CPU
		{D2243767-BB77-43E0-BDA3-4A5B96DEF7EE}.Debug|Any CPU.ActiveCfg = Debug|Any CPU
		{D2243767-BB77-43E0-BDA3-4A5B96DEF7EE}.Debug|Any CPU.Build.0 = Debug|Any CPU
		{D2243767-BB77-43E0-BDA3-4A5B96DEF7EE}.Release|Any CPU.ActiveCfg = Release|Any CPU
		{D2243767-BB77-43E0-BDA3-4A5B96DEF7EE}.Release|Any CPU.Build.0 = Release|Any CPU
		{27D69370-E81A-4576-A6D2-3893637B4780}.Debug|Any CPU.ActiveCfg = Debug|Any CPU
		{27D69370-E81A-4576-A6D2-3893637B4780}.Debug|Any CPU.Build.0 = Debug|Any CPU
		{27D69370-E81A-4576-A6D2-3893637B4780}.Release|Any CPU.ActiveCfg = Release|Any CPU
		{27D69370-E81A-4576-A6D2-3893637B4780}.Release|Any CPU.Build.0 = Release|Any CPU
	EndGlobalSection
	GlobalSection(SolutionProperties) = preSolution
		HideSolutionNode = FALSE
	EndGlobalSection
EndGlobal
